Microsoft Visual Studio Solution File, Format Version 12.00
# Visual Studio Version 17
VisualStudioVersion = 17.5.2.0
MinimumVisualStudioVersion = 10.0.40219.1
Project("{FAE04EC0-301F-11D3-BF4B-00C04F79EFBC}") = "gradu_playwright", "gradu_playwright.csproj", "{07D76E58-F6FF-264E-D17B-A6B7C9AABC93}"
EndProject
Global
	GlobalSection(SolutionConfigurationPlatforms) = preSolution
		Debug|Any CPU = Debug|Any CPU
		Release|Any CPU = Release|Any CPU
	EndGlobalSection
	GlobalSection(ProjectConfigurationPlatforms) = postSolution
		{07D76E58-F6FF-264E-D17B-A6B7C9AABC93}.Debug|Any CPU.ActiveCfg = Debug|Any CPU
		{07D76E58-F6FF-264E-D17B-A6B7C9AABC93}.Debug|Any CPU.Build.0 = Debug|Any CPU
		{07D76E58-F6FF-264E-D17B-A6B7C9AABC93}.Release|Any CPU.ActiveCfg = Release|Any CPU
		{07D76E58-F6FF-264E-D17B-A6B7C9AABC93}.Release|Any CPU.Build.0 = Release|Any CPU
	EndGlobalSection
	GlobalSection(SolutionProperties) = preSolution
		HideSolutionNode = FALSE
	EndGlobalSection
	GlobalSection(ExtensibilityGlobals) = postSolution
		SolutionGuid = {A4462D81-EAF5-4B80-ADE7-851A2D1231AA}
	EndGlobalSection
EndGlobal
